
Microsoft Visual Studio Solution File, Format Version 12.00
# Visual Studio Version 16
VisualStudioVersion = 16.0.30717.126
MinimumVisualStudioVersion = 10.0.40219.1
Project("{9A19103F-16F7-4668-BE54-9A1E7A4F7556}") = "CNG462_A1", "CNG462_A1.csproj", "{A8226CB0-7C7F-4CBF-9A0E-F7F0F5B068F7}"
EndProject
Global
	GlobalSection(SolutionConfigurationPlatforms) = preSolution
		Debug|Any CPU = Debug|Any CPU
		Release|Any CPU = Release|Any CPU
	EndGlobalSection
	GlobalSection(ProjectConfigurationPlatforms) = postSolution
		{A8226CB0-7C7F-4CBF-9A0E-F7F0F5B068F7}.Debug|Any CPU.ActiveCfg = Debug|Any CPU
		{A8226CB0-7C7F-4CBF-9A0E-F7F0F5B068F7}.Debug|Any CPU.Build.0 = Debug|Any CPU
		{A8226CB0-7C7F-4CBF-9A0E-F7F0F5B068F7}.Release|Any CPU.ActiveCfg = Release|Any CPU
		{A8226CB0-7C7F-4CBF-9A0E-F7F0F5B068F7}.Release|Any CPU.Build.0 = Release|Any CPU
	EndGlobalSection
	GlobalSection(SolutionProperties) = preSolution
		HideSolutionNode = FALSE
	EndGlobalSection
	GlobalSection(ExtensibilityGlobals) = postSolution
		SolutionGuid = {C4C80FA6-115B-414C-9B49-FAA4A64D3C8E}
	EndGlobalSection
EndGlobal
